
Microsoft Visual Studio Solution File, Format Version 12.00
# Visual Studio Version 16
VisualStudioVersion = 16.0.29806.167
MinimumVisualStudioVersion = 10.0.40219.1
Project("{FAE04EC0-301F-11D3-BF4B-00C04F79EFBC}") = "RecursiveStaircaseProblem", "RecursiveStaircaseProblem\RecursiveStaircaseProblem.csproj", "{DAE7DCE2-DE12-4E33-904A-0C6482A9C6ED}"
EndProject
Global
	GlobalSection(SolutionConfigurationPlatforms) = preSolution
		Debug|Any CPU = Debug|Any CPU
		Release|Any CPU = Release|Any CPU
	EndGlobalSection
	GlobalSection(ProjectConfigurationPlatforms) = postSolution
		{DAE7DCE2-DE12-4E33-904A-0C6482A9C6ED}.Debug|Any CPU.ActiveCfg = Debug|Any CPU
		{DAE7DCE2-DE12-4E33-904A-0C6482A9C6ED}.Debug|Any CPU.Build.0 = Debug|Any CPU
		{DAE7DCE2-DE12-4E33-904A-0C6482A9C6ED}.Release|Any CPU.ActiveCfg = Release|Any CPU
		{DAE7DCE2-DE12-4E33-904A-0C6482A9C6ED}.Release|Any CPU.Build.0 = Release|Any CPU
	EndGlobalSection
	GlobalSection(SolutionProperties) = preSolution
		HideSolutionNode = FALSE
	EndGlobalSection
	GlobalSection(ExtensibilityGlobals) = postSolution
		SolutionGuid = {17216A89-A98B-446E-A622-BC16A95E7591}
	EndGlobalSection
EndGlobal
